
Microsoft Visual Studio Solution File, Format Version 12.00
# Visual Studio Version 17
VisualStudioVersion = 17.9.34622.214
MinimumVisualStudioVersion = 10.0.40219.1
Project("{FAE04EC0-301F-11D3-BF4B-00C04F79EFBC}") = "sound", "sound.csproj", "{B819A305-B109-44F1-A20A-79AE243B18EA}"
EndProject
Global
	GlobalSection(SolutionConfigurationPlatforms) = preSolution
		Debug|Any CPU = Debug|Any CPU
		Release|Any CPU = Release|Any CPU
	EndGlobalSection
	GlobalSection(ProjectConfigurationPlatforms) = postSolution
		{B819A305-B109-44F1-A20A-79AE243B18EA}.Debug|Any CPU.ActiveCfg = Debug|Any CPU
		{B819A305-B109-44F1-A20A-79AE243B18EA}.Debug|Any CPU.Build.0 = Debug|Any CPU
		{B819A305-B109-44F1-A20A-79AE243B18EA}.Release|Any CPU.ActiveCfg = Release|Any CPU
		{B819A305-B109-44F1-A20A-79AE243B18EA}.Release|Any CPU.Build.0 = Release|Any CPU
	EndGlobalSection
	GlobalSection(SolutionProperties) = preSolution
		HideSolutionNode = FALSE
	EndGlobalSection
	GlobalSection(ExtensibilityGlobals) = postSolution
		SolutionGuid = {714C5566-45DF-4913-8BC9-4BD868467C7B}
	EndGlobalSection
EndGlobal
